
Microsoft Visual Studio Solution File, Format Version 12.00
# Visual Studio Version 17
VisualStudioVersion = 17.11.35219.272
MinimumVisualStudioVersion = 10.0.40219.1
Project("{FAE04EC0-301F-11D3-BF4B-00C04F79EFBC}") = "ExamenMVC", "ExamenMVC\ExamenMVC.csproj", "{5FDA468B-9C64-4821-98AB-28E28C41F0F5}"
EndProject
Global
	GlobalSection(SolutionConfigurationPlatforms) = preSolution
		Debug|Any CPU = Debug|Any CPU
		Release|Any CPU = Release|Any CPU
	EndGlobalSection
	GlobalSection(ProjectConfigurationPlatforms) = postSolution
		{5FDA468B-9C64-4821-98AB-28E28C41F0F5}.Debug|Any CPU.ActiveCfg = Debug|Any CPU
		{5FDA468B-9C64-4821-98AB-28E28C41F0F5}.Debug|Any CPU.Build.0 = Debug|Any CPU
		{5FDA468B-9C64-4821-98AB-28E28C41F0F5}.Release|Any CPU.ActiveCfg = Release|Any CPU
		{5FDA468B-9C64-4821-98AB-28E28C41F0F5}.Release|Any CPU.Build.0 = Release|Any CPU
	EndGlobalSection
	GlobalSection(SolutionProperties) = preSolution
		HideSolutionNode = FALSE
	EndGlobalSection
	GlobalSection(ExtensibilityGlobals) = postSolution
		SolutionGuid = {E1A765B8-85FA-4792-B8E5-3C20DADBB5E1}
	EndGlobalSection
EndGlobal
